
Microsoft Visual Studio Solution File, Format Version 12.00
# Visual Studio Version 17
VisualStudioVersion = 17.6.33723.286
MinimumVisualStudioVersion = 10.0.40219.1
Project("{FAE04EC0-301F-11D3-BF4B-00C04F79EFBC}") = "Custom_TextBox", "Custom_TextBox\Custom_TextBox.csproj", "{95548B4B-3941-4EFC-92B8-846D078FC9AC}"
EndProject
Global
	GlobalSection(SolutionConfigurationPlatforms) = preSolution
		Debug|Any CPU = Debug|Any CPU
		Release|Any CPU = Release|Any CPU
	EndGlobalSection
	GlobalSection(ProjectConfigurationPlatforms) = postSolution
		{95548B4B-3941-4EFC-92B8-846D078FC9AC}.Debug|Any CPU.ActiveCfg = Debug|Any CPU
		{95548B4B-3941-4EFC-92B8-846D078FC9AC}.Debug|Any CPU.Build.0 = Debug|Any CPU
		{95548B4B-3941-4EFC-92B8-846D078FC9AC}.Release|Any CPU.ActiveCfg = Release|Any CPU
		{95548B4B-3941-4EFC-92B8-846D078FC9AC}.Release|Any CPU.Build.0 = Release|Any CPU
	EndGlobalSection
	GlobalSection(SolutionProperties) = preSolution
		HideSolutionNode = FALSE
	EndGlobalSection
	GlobalSection(ExtensibilityGlobals) = postSolution
		SolutionGuid = {0A7864C0-586C-4549-B2EC-CB134F7C349A}
	EndGlobalSection
EndGlobal
